
Microsoft Visual Studio Solution File, Format Version 12.00
# Visual Studio Version 17
VisualStudioVersion = 17.0.31903.59
MinimumVisualStudioVersion = 10.0.40219.1
Project("{FAE04EC0-301F-11D3-BF4B-00C04F79EFBC}") = "SystemeCaisse.Core", "SystemeCaisse.Core\SystemeCaisse.Core.csproj", "{7B07C56C-0C8A-42B8-B395-8E457F84D7F9}"
EndProject
Project("{FAE04EC0-301F-11D3-BF4B-00C04F79EFBC}") = "SystemeCaisse.Infrastructure", "SystemeCaisse.Infrastructure\SystemeCaisse.Infrastructure.csproj", "{9F3AA7E4-2527-4346-A844-1A0563FA3F73}"
EndProject
Project("{FAE04EC0-301F-11D3-BF4B-00C04F79EFBC}") = "SystemeCaisse.UI", "SystemeCaisse.UI\SystemeCaisse.UI.csproj", "{F161D502-5B1E-4005-BFCA-5627047A3F26}"
EndProject
Global
	GlobalSection(SolutionConfigurationPlatforms) = preSolution
		Debug|Any CPU = Debug|Any CPU
		Debug|x64 = Debug|x64
		Debug|x86 = Debug|x86
		Release|Any CPU = Release|Any CPU
		Release|x64 = Release|x64
		Release|x86 = Release|x86
	EndGlobalSection
	GlobalSection(ProjectConfigurationPlatforms) = postSolution
		{7B07C56C-0C8A-42B8-B395-8E457F84D7F9}.Debug|Any CPU.ActiveCfg = Debug|Any CPU
		{7B07C56C-0C8A-42B8-B395-8E457F84D7F9}.Debug|Any CPU.Build.0 = Debug|Any CPU
		{7B07C56C-0C8A-42B8-B395-8E457F84D7F9}.Debug|x64.ActiveCfg = Debug|Any CPU
		{7B07C56C-0C8A-42B8-B395-8E457F84D7F9}.Debug|x64.Build.0 = Debug|Any CPU
		{7B07C56C-0C8A-42B8-B395-8E457F84D7F9}.Debug|x86.ActiveCfg = Debug|Any CPU
		{7B07C56C-0C8A-42B8-B395-8E457F84D7F9}.Debug|x86.Build.0 = Debug|Any CPU
		{7B07C56C-0C8A-42B8-B395-8E457F84D7F9}.Release|Any CPU.ActiveCfg = Release|Any CPU
		{7B07C56C-0C8A-42B8-B395-8E457F84D7F9}.Release|Any CPU.Build.0 = Release|Any CPU
		{7B07C56C-0C8A-42B8-B395-8E457F84D7F9}.Release|x64.ActiveCfg = Release|Any CPU
		{7B07C56C-0C8A-42B8-B395-8E457F84D7F9}.Release|x64.Build.0 = Release|Any CPU
		{7B07C56C-0C8A-42B8-B395-8E457F84D7F9}.Release|x86.ActiveCfg = Release|Any CPU
		{7B07C56C-0C8A-42B8-B395-8E457F84D7F9}.Release|x86.Build.0 = Release|Any CPU
		{9F3AA7E4-2527-4346-A844-1A0563FA3F73}.Debug|Any CPU.ActiveCfg = Debug|Any CPU
		{9F3AA7E4-2527-4346-A844-1A0563FA3F73}.Debug|Any CPU.Build.0 = Debug|Any CPU
		{9F3AA7E4-2527-4346-A844-1A0563FA3F73}.Debug|x64.ActiveCfg = Debug|Any CPU
		{9F3AA7E4-2527-4346-A844-1A0563FA3F73}.Debug|x64.Build.0 = Debug|Any CPU
		{9F3AA7E4-2527-4346-A844-1A0563FA3F73}.Debug|x86.ActiveCfg = Debug|Any CPU
		{9F3AA7E4-2527-4346-A844-1A0563FA3F73}.Debug|x86.Build.0 = Debug|Any CPU
		{9F3AA7E4-2527-4346-A844-1A0563FA3F73}.Release|Any CPU.ActiveCfg = Release|Any CPU
		{9F3AA7E4-2527-4346-A844-1A0563FA3F73}.Release|Any CPU.Build.0 = Release|Any CPU
		{9F3AA7E4-2527-4346-A844-1A0563FA3F73}.Release|x64.ActiveCfg = Release|Any CPU
		{9F3AA7E4-2527-4346-A844-1A0563FA3F73}.Release|x64.Build.0 = Release|Any CPU
		{9F3AA7E4-2527-4346-A844-1A0563FA3F73}.Release|x86.ActiveCfg = Release|Any CPU
		{9F3AA7E4-2527-4346-A844-1A0563FA3F73}.Release|x86.Build.0 = Release|Any CPU
		{F161D502-5B1E-4005-BFCA-5627047A3F26}.Debug|Any CPU.ActiveCfg = Debug|Any CPU
		{F161D502-5B1E-4005-BFCA-5627047A3F26}.Debug|Any CPU.Build.0 = Debug|Any CPU
		{F161D502-5B1E-4005-BFCA-5627047A3F26}.Debug|x64.ActiveCfg = Debug|Any CPU
		{F161D502-5B1E-4005-BFCA-5627047A3F26}.Debug|x64.Build.0 = Debug|Any CPU
		{F161D502-5B1E-4005-BFCA-5627047A3F26}.Debug|x86.ActiveCfg = Debug|Any CPU
		{F161D502-5B1E-4005-BFCA-5627047A3F26}.Debug|x86.Build.0 = Debug|Any CPU
		{F161D502-5B1E-4005-BFCA-5627047A3F26}.Release|Any CPU.ActiveCfg = Release|Any CPU
		{F161D502-5B1E-4005-BFCA-5627047A3F26}.Release|Any CPU.Build.0 = Release|Any CPU
		{F161D502-5B1E-4005-BFCA-5627047A3F26}.Release|x64.ActiveCfg = Release|Any CPU
		{F161D502-5B1E-4005-BFCA-5627047A3F26}.Release|x64.Build.0 = Release|Any CPU
		{F161D502-5B1E-4005-BFCA-5627047A3F26}.Release|x86.ActiveCfg = Release|Any CPU
		{F161D502-5B1E-4005-BFCA-5627047A3F26}.Release|x86.Build.0 = Release|Any CPU
	EndGlobalSection
	GlobalSection(SolutionProperties) = preSolution
		HideSolutionNode = FALSE
	EndGlobalSection
EndGlobal
